
Microsoft Visual Studio Solution File, Format Version 12.00
# Visual Studio 15
VisualStudioVersion = 15.0.28307.329
MinimumVisualStudioVersion = 10.0.40219.1
Project("{FAE04EC0-301F-11D3-BF4B-00C04F79EFBC}") = "CodeFirst", "CodeFirst\CodeFirst.csproj", "{7CCF74BC-D145-4A5B-B99D-F5AEC0410CDB}"
EndProject
Project("{FAE04EC0-301F-11D3-BF4B-00C04F79EFBC}") = "CodeFirstFromDb", "CodeFirstFromExistingDb\CodeFirstFromDb\CodeFirstFromDb.csproj", "{125C4B44-0CA2-41EE-942A-98A2B483EF22}"
EndProject
Project("{FAE04EC0-301F-11D3-BF4B-00C04F79EFBC}") = "CodeFirstExercise", "CodeFirstExercises\CodeFirstExercise.csproj", "{7B8B06E4-3AE2-4635-8991-0198058B1453}"
EndProject
Project("{FAE04EC0-301F-11D3-BF4B-00C04F79EFBC}") = "FluentApiExercise", "FluentApiExercise\FluentApiExercise.csproj", "{B0425C40-2C01-46EE-B4B4-4B2E7465033B}"
EndProject
Project("{FAE04EC0-301F-11D3-BF4B-00C04F79EFBC}") = "QueryingDataExercise", "QueryingDataExercise\QueryingDataExercise.csproj", "{2AEE16B3-AFD2-4C91-9751-E37310E4689C}"
EndProject
Project("{FAE04EC0-301F-11D3-BF4B-00C04F79EFBC}") = "LoadingObjectsExercise", "LoadingObjectsExercise\LoadingObjectsExercise.csproj", "{28F89CEC-562E-4D82-9DE4-2695A2AFA9EB}"
EndProject
Project("{FAE04EC0-301F-11D3-BF4B-00C04F79EFBC}") = "UpdatingDataExercise", "UpdatingDataExercise\UpdatingDataExercise.csproj", "{4D18A391-3D94-42E7-873E-B5C4C0E26ADA}"
EndProject
Global
	GlobalSection(SolutionConfigurationPlatforms) = preSolution
		Debug|Any CPU = Debug|Any CPU
		Release|Any CPU = Release|Any CPU
	EndGlobalSection
	GlobalSection(ProjectConfigurationPlatforms) = postSolution
		{7CCF74BC-D145-4A5B-B99D-F5AEC0410CDB}.Debug|Any CPU.ActiveCfg = Debug|Any CPU
		{7CCF74BC-D145-4A5B-B99D-F5AEC0410CDB}.Debug|Any CPU.Build.0 = Debug|Any CPU
		{7CCF74BC-D145-4A5B-B99D-F5AEC0410CDB}.Release|Any CPU.ActiveCfg = Release|Any CPU
		{7CCF74BC-D145-4A5B-B99D-F5AEC0410CDB}.Release|Any CPU.Build.0 = Release|Any CPU
		{125C4B44-0CA2-41EE-942A-98A2B483EF22}.Debug|Any CPU.ActiveCfg = Debug|Any CPU
		{125C4B44-0CA2-41EE-942A-98A2B483EF22}.Debug|Any CPU.Build.0 = Debug|Any CPU
		{125C4B44-0CA2-41EE-942A-98A2B483EF22}.Release|Any CPU.ActiveCfg = Release|Any CPU
		{125C4B44-0CA2-41EE-942A-98A2B483EF22}.Release|Any CPU.Build.0 = Release|Any CPU
		{7B8B06E4-3AE2-4635-8991-0198058B1453}.Debug|Any CPU.ActiveCfg = Debug|Any CPU
		{7B8B06E4-3AE2-4635-8991-0198058B1453}.Debug|Any CPU.Build.0 = Debug|Any CPU
		{7B8B06E4-3AE2-4635-8991-0198058B1453}.Release|Any CPU.ActiveCfg = Release|Any CPU
		{7B8B06E4-3AE2-4635-8991-0198058B1453}.Release|Any CPU.Build.0 = Release|Any CPU
		{B0425C40-2C01-46EE-B4B4-4B2E7465033B}.Debug|Any CPU.ActiveCfg = Debug|Any CPU
		{B0425C40-2C01-46EE-B4B4-4B2E7465033B}.Debug|Any CPU.Build.0 = Debug|Any CPU
		{B0425C40-2C01-46EE-B4B4-4B2E7465033B}.Release|Any CPU.ActiveCfg = Release|Any CPU
		{B0425C40-2C01-46EE-B4B4-4B2E7465033B}.Release|Any CPU.Build.0 = Release|Any CPU
		{2AEE16B3-AFD2-4C91-9751-E37310E4689C}.Debug|Any CPU.ActiveCfg = Debug|Any CPU
		{2AEE16B3-AFD2-4C91-9751-E37310E4689C}.Debug|Any CPU.Build.0 = Debug|Any CPU
		{2AEE16B3-AFD2-4C91-9751-E37310E4689C}.Release|Any CPU.ActiveCfg = Release|Any CPU
		{2AEE16B3-AFD2-4C91-9751-E37310E4689C}.Release|Any CPU.Build.0 = Release|Any CPU
		{28F89CEC-562E-4D82-9DE4-2695A2AFA9EB}.Debug|Any CPU.ActiveCfg = Debug|Any CPU
		{28F89CEC-562E-4D82-9DE4-2695A2AFA9EB}.Debug|Any CPU.Build.0 = Debug|Any CPU
		{28F89CEC-562E-4D82-9DE4-2695A2AFA9EB}.Release|Any CPU.ActiveCfg = Release|Any CPU
		{28F89CEC-562E-4D82-9DE4-2695A2AFA9EB}.Release|Any CPU.Build.0 = Release|Any CPU
		{4D18A391-3D94-42E7-873E-B5C4C0E26ADA}.Debug|Any CPU.ActiveCfg = Debug|Any CPU
		{4D18A391-3D94-42E7-873E-B5C4C0E26ADA}.Debug|Any CPU.Build.0 = Debug|Any CPU
		{4D18A391-3D94-42E7-873E-B5C4C0E26ADA}.Release|Any CPU.ActiveCfg = Release|Any CPU
		{4D18A391-3D94-42E7-873E-B5C4C0E26ADA}.Release|Any CPU.Build.0 = Release|Any CPU
	EndGlobalSection
	GlobalSection(SolutionProperties) = preSolution
		HideSolutionNode = FALSE
	EndGlobalSection
	GlobalSection(ExtensibilityGlobals) = postSolution
		SolutionGuid = {0D37CE6E-32C4-4C40-9AED-9E075302CE6E}
	EndGlobalSection
EndGlobal
